
Microsoft Visual Studio Solution File, Format Version 12.00
# Visual Studio Version 17
VisualStudioVersion = 17.6.33723.286
MinimumVisualStudioVersion = 10.0.40219.1
Project("{FAE04EC0-301F-11D3-BF4B-00C04F79EFBC}") = "Compras", "Compras.csproj", "{F4262262-BB66-446F-B6AF-7E83F3B51814}"
EndProject
Global
	GlobalSection(SolutionConfigurationPlatforms) = preSolution
		Debug|Any CPU = Debug|Any CPU
		Release|Any CPU = Release|Any CPU
	EndGlobalSection
	GlobalSection(ProjectConfigurationPlatforms) = postSolution
		{F4262262-BB66-446F-B6AF-7E83F3B51814}.Debug|Any CPU.ActiveCfg = Debug|Any CPU
		{F4262262-BB66-446F-B6AF-7E83F3B51814}.Debug|Any CPU.Build.0 = Debug|Any CPU
		{F4262262-BB66-446F-B6AF-7E83F3B51814}.Release|Any CPU.ActiveCfg = Release|Any CPU
		{F4262262-BB66-446F-B6AF-7E83F3B51814}.Release|Any CPU.Build.0 = Release|Any CPU
	EndGlobalSection
	GlobalSection(SolutionProperties) = preSolution
		HideSolutionNode = FALSE
	EndGlobalSection
	GlobalSection(ExtensibilityGlobals) = postSolution
		SolutionGuid = {DF54E3AC-A0B3-47FE-B3C7-2368CDD86B66}
	EndGlobalSection
EndGlobal
